
Microsoft Visual Studio Solution File, Format Version 12.00
# Visual Studio Version 17
VisualStudioVersion = 17.3.32929.385
MinimumVisualStudioVersion = 10.0.40219.1
Project("{FAE04EC0-301F-11D3-BF4B-00C04F79EFBC}") = "Server", "Server\Server.csproj", "{C62225B6-B8C0-4A49-BBF2-417527044009}"
EndProject
Global
	GlobalSection(SolutionConfigurationPlatforms) = preSolution
		Debug|Any CPU = Debug|Any CPU
		Release|Any CPU = Release|Any CPU
	EndGlobalSection
	GlobalSection(ProjectConfigurationPlatforms) = postSolution
		{C62225B6-B8C0-4A49-BBF2-417527044009}.Debug|Any CPU.ActiveCfg = Debug|Any CPU
		{C62225B6-B8C0-4A49-BBF2-417527044009}.Debug|Any CPU.Build.0 = Debug|Any CPU
		{C62225B6-B8C0-4A49-BBF2-417527044009}.Release|Any CPU.ActiveCfg = Release|Any CPU
		{C62225B6-B8C0-4A49-BBF2-417527044009}.Release|Any CPU.Build.0 = Release|Any CPU
	EndGlobalSection
	GlobalSection(SolutionProperties) = preSolution
		HideSolutionNode = FALSE
	EndGlobalSection
	GlobalSection(ExtensibilityGlobals) = postSolution
		SolutionGuid = {FAF3B3B6-9C0D-4F39-89AE-E7E75C2E8CEC}
	EndGlobalSection
EndGlobal
